
Microsoft Visual Studio Solution File, Format Version 12.00
# Visual Studio Version 17
VisualStudioVersion = 17.2.32519.379
MinimumVisualStudioVersion = 10.0.40219.1
Project("{8BC9CEB8-8B4A-11D0-8D11-00A0C91BC942}") = "3.1a", "3.1a\3.1a.vcxproj", "{10C9AE4E-B6CE-413E-B02F-31F3C722426F}"
EndProject
Project("{8BC9CEB8-8B4A-11D0-8D11-00A0C91BC942}") = "UnitTest", "UnitTest\UnitTest.vcxproj", "{ADDF1201-D4FC-40BE-AD05-0D883E9E5E0C}"
EndProject
Global
	GlobalSection(SolutionConfigurationPlatforms) = preSolution
		Debug|x64 = Debug|x64
		Debug|x86 = Debug|x86
		Release|x64 = Release|x64
		Release|x86 = Release|x86
	EndGlobalSection
	GlobalSection(ProjectConfigurationPlatforms) = postSolution
		{10C9AE4E-B6CE-413E-B02F-31F3C722426F}.Debug|x64.ActiveCfg = Debug|x64
		{10C9AE4E-B6CE-413E-B02F-31F3C722426F}.Debug|x64.Build.0 = Debug|x64
		{10C9AE4E-B6CE-413E-B02F-31F3C722426F}.Debug|x86.ActiveCfg = Debug|Win32
		{10C9AE4E-B6CE-413E-B02F-31F3C722426F}.Debug|x86.Build.0 = Debug|Win32
		{10C9AE4E-B6CE-413E-B02F-31F3C722426F}.Release|x64.ActiveCfg = Release|x64
		{10C9AE4E-B6CE-413E-B02F-31F3C722426F}.Release|x64.Build.0 = Release|x64
		{10C9AE4E-B6CE-413E-B02F-31F3C722426F}.Release|x86.ActiveCfg = Release|Win32
		{10C9AE4E-B6CE-413E-B02F-31F3C722426F}.Release|x86.Build.0 = Release|Win32
		{ADDF1201-D4FC-40BE-AD05-0D883E9E5E0C}.Debug|x64.ActiveCfg = Debug|x64
		{ADDF1201-D4FC-40BE-AD05-0D883E9E5E0C}.Debug|x64.Build.0 = Debug|x64
		{ADDF1201-D4FC-40BE-AD05-0D883E9E5E0C}.Debug|x86.ActiveCfg = Debug|Win32
		{ADDF1201-D4FC-40BE-AD05-0D883E9E5E0C}.Debug|x86.Build.0 = Debug|Win32
		{ADDF1201-D4FC-40BE-AD05-0D883E9E5E0C}.Release|x64.ActiveCfg = Release|x64
		{ADDF1201-D4FC-40BE-AD05-0D883E9E5E0C}.Release|x64.Build.0 = Release|x64
		{ADDF1201-D4FC-40BE-AD05-0D883E9E5E0C}.Release|x86.ActiveCfg = Release|Win32
		{ADDF1201-D4FC-40BE-AD05-0D883E9E5E0C}.Release|x86.Build.0 = Release|Win32
	EndGlobalSection
	GlobalSection(SolutionProperties) = preSolution
		HideSolutionNode = FALSE
	EndGlobalSection
	GlobalSection(ExtensibilityGlobals) = postSolution
		SolutionGuid = {E9009433-1B2B-4D71-A8F2-438651542565}
	EndGlobalSection
EndGlobal
